
Microsoft Visual Studio Solution File, Format Version 12.00
# Visual Studio Version 17
VisualStudioVersion = 17.10.35013.160
MinimumVisualStudioVersion = 10.0.40219.1
Project("{2150E333-8FDC-42A3-9474-1A3956D46DE8}") = "src", "src", "{5750D40C-DECC-47AA-A9F3-446DCC544D00}"
EndProject
Project("{2150E333-8FDC-42A3-9474-1A3956D46DE8}") = "services", "services", "{A38701EE-85A2-4EF1-96A8-A3D8C7BFA935}"
EndProject
Project("{2150E333-8FDC-42A3-9474-1A3956D46DE8}") = "UserService", "UserService", "{23A493F1-6687-4F1B-9399-EE2BC4B14895}"
EndProject
Project("{2150E333-8FDC-42A3-9474-1A3956D46DE8}") = "ProductService", "ProductService", "{2F84A18C-92FD-49EE-867A-F07F0242A387}"
EndProject
Project("{2150E333-8FDC-42A3-9474-1A3956D46DE8}") = "OrderService", "OrderService", "{5960A9A1-EA15-4ED0-8665-C98065CF3740}"
EndProject
Project("{9A19103F-16F7-4668-BE54-9A1E7A4F7556}") = "UserService.Api", "src\services\UserService\UserService.Api\UserService.Api.csproj", "{14FB385F-7781-4863-9991-3FC8B97ED9AB}"
EndProject
Project("{9A19103F-16F7-4668-BE54-9A1E7A4F7556}") = "ProductService.Api", "src\services\ProductService\ProductService.Api\ProductService.Api.csproj", "{6639A13E-5B31-46F2-AAAC-BAE07F428399}"
EndProject
Project("{9A19103F-16F7-4668-BE54-9A1E7A4F7556}") = "OrderService.Api", "src\services\OrderService\OrderService.Api\OrderService.Api.csproj", "{15F3AC02-71E7-407D-89BF-07B64B851614}"
EndProject
Project("{9A19103F-16F7-4668-BE54-9A1E7A4F7556}") = "OrderService.Domain", "src\services\OrderService\OrderService.Domain\OrderService.Domain.csproj", "{1585FD15-8E0F-4B4D-839E-E14CDAF5FC44}"
EndProject
Project("{9A19103F-16F7-4668-BE54-9A1E7A4F7556}") = "EcommerceShop.Common", "src\EcommerceShop.Common\EcommerceShop.Common.csproj", "{73BF6BC7-C615-48E4-A07E-8D0415025405}"
EndProject
Project("{9A19103F-16F7-4668-BE54-9A1E7A4F7556}") = "OrderService.Test", "src\services\OrderService\OrderService.Test\OrderService.Test.csproj", "{791C40C7-C33F-4BEE-AF11-3B1930884DDD}"
EndProject
Project("{9A19103F-16F7-4668-BE54-9A1E7A4F7556}") = "OrderService.Application", "src\services\OrderService\OrderService.Application\OrderService.Application.csproj", "{970F81FA-5411-45C1-A130-A4CBE3A18802}"
EndProject
Project("{2150E333-8FDC-42A3-9474-1A3956D46DE8}") = "Gateway", "Gateway", "{194783D5-0104-4EC6-9A1F-8745760B1EB1}"
EndProject
Project("{9A19103F-16F7-4668-BE54-9A1E7A4F7556}") = "OrderService.Persistence", "src\services\OrderService\OrderService.Persistence\OrderService.Persistence.csproj", "{7DEABD97-7FA7-41C0-9E14-23CD17C2FCE6}"
EndProject
Project("{9A19103F-16F7-4668-BE54-9A1E7A4F7556}") = "Gateway.Api", "Gateway.Api\Gateway.Api.csproj", "{B8929F14-F5E8-48D3-A74C-3CA528F46119}"
EndProject
Project("{9A19103F-16F7-4668-BE54-9A1E7A4F7556}") = "4SemProject_EcommerceShop.AppHost", "4SemProject_EcommerceShop.AppHost\4SemProject_EcommerceShop.AppHost.csproj", "{B6098312-C065-4399-8933-E67190C9A6A9}"
EndProject
Project("{9A19103F-16F7-4668-BE54-9A1E7A4F7556}") = "4SemProject_EcommerceShop.ServiceDefaults", "4SemProject_EcommerceShop.ServiceDefaults\4SemProject_EcommerceShop.ServiceDefaults.csproj", "{3AA15A06-E9FC-476F-9177-0952E27EFEF1}"
EndProject
Project("{2150E333-8FDC-42A3-9474-1A3956D46DE8}") = "PaymentService", "PaymentService", "{9B145D30-B782-488A-9D8E-2D40B3A9E4C5}"
EndProject
Project("{9A19103F-16F7-4668-BE54-9A1E7A4F7556}") = "PaymentService.Api", "PaymentService.Api\PaymentService.Api.csproj", "{C1182328-4C0A-4D09-BAD1-E5CBAC31627D}"
EndProject
Project("{9A19103F-16F7-4668-BE54-9A1E7A4F7556}") = "Ecommerce.FrontEnd", "Ecommerce.FrontEnd\Ecommerce.FrontEnd.csproj", "{127375C7-39DF-4FA8-828D-6E52524C7E63}"
EndProject
Project("{9A19103F-16F7-4668-BE54-9A1E7A4F7556}") = "EcommerceShop.Umraco", "EcommerceShop.Umraco\EcommerceShop.Umraco.csproj", "{9A317AAF-3156-499C-B63C-11049D3E5864}"
EndProject
Global
	GlobalSection(SolutionConfigurationPlatforms) = preSolution
		Debug|Any CPU = Debug|Any CPU
		Release|Any CPU = Release|Any CPU
	EndGlobalSection
	GlobalSection(ProjectConfigurationPlatforms) = postSolution
		{14FB385F-7781-4863-9991-3FC8B97ED9AB}.Debug|Any CPU.ActiveCfg = Debug|Any CPU
		{14FB385F-7781-4863-9991-3FC8B97ED9AB}.Debug|Any CPU.Build.0 = Debug|Any CPU
		{14FB385F-7781-4863-9991-3FC8B97ED9AB}.Release|Any CPU.ActiveCfg = Release|Any CPU
		{14FB385F-7781-4863-9991-3FC8B97ED9AB}.Release|Any CPU.Build.0 = Release|Any CPU
		{6639A13E-5B31-46F2-AAAC-BAE07F428399}.Debug|Any CPU.ActiveCfg = Debug|Any CPU
		{6639A13E-5B31-46F2-AAAC-BAE07F428399}.Debug|Any CPU.Build.0 = Debug|Any CPU
		{6639A13E-5B31-46F2-AAAC-BAE07F428399}.Release|Any CPU.ActiveCfg = Release|Any CPU
		{6639A13E-5B31-46F2-AAAC-BAE07F428399}.Release|Any CPU.Build.0 = Release|Any CPU
		{15F3AC02-71E7-407D-89BF-07B64B851614}.Debug|Any CPU.ActiveCfg = Debug|Any CPU
		{15F3AC02-71E7-407D-89BF-07B64B851614}.Debug|Any CPU.Build.0 = Debug|Any CPU
		{15F3AC02-71E7-407D-89BF-07B64B851614}.Release|Any CPU.ActiveCfg = Release|Any CPU
		{15F3AC02-71E7-407D-89BF-07B64B851614}.Release|Any CPU.Build.0 = Release|Any CPU
		{1585FD15-8E0F-4B4D-839E-E14CDAF5FC44}.Debug|Any CPU.ActiveCfg = Debug|Any CPU
		{1585FD15-8E0F-4B4D-839E-E14CDAF5FC44}.Debug|Any CPU.Build.0 = Debug|Any CPU
		{1585FD15-8E0F-4B4D-839E-E14CDAF5FC44}.Release|Any CPU.ActiveCfg = Release|Any CPU
		{1585FD15-8E0F-4B4D-839E-E14CDAF5FC44}.Release|Any CPU.Build.0 = Release|Any CPU
		{73BF6BC7-C615-48E4-A07E-8D0415025405}.Debug|Any CPU.ActiveCfg = Debug|Any CPU
		{73BF6BC7-C615-48E4-A07E-8D0415025405}.Debug|Any CPU.Build.0 = Debug|Any CPU
		{73BF6BC7-C615-48E4-A07E-8D0415025405}.Release|Any CPU.ActiveCfg = Release|Any CPU
		{73BF6BC7-C615-48E4-A07E-8D0415025405}.Release|Any CPU.Build.0 = Release|Any CPU
		{791C40C7-C33F-4BEE-AF11-3B1930884DDD}.Debug|Any CPU.ActiveCfg = Debug|Any CPU
		{791C40C7-C33F-4BEE-AF11-3B1930884DDD}.Debug|Any CPU.Build.0 = Debug|Any CPU
		{791C40C7-C33F-4BEE-AF11-3B1930884DDD}.Release|Any CPU.ActiveCfg = Release|Any CPU
		{791C40C7-C33F-4BEE-AF11-3B1930884DDD}.Release|Any CPU.Build.0 = Release|Any CPU
		{970F81FA-5411-45C1-A130-A4CBE3A18802}.Debug|Any CPU.ActiveCfg = Debug|Any CPU
		{970F81FA-5411-45C1-A130-A4CBE3A18802}.Debug|Any CPU.Build.0 = Debug|Any CPU
		{970F81FA-5411-45C1-A130-A4CBE3A18802}.Release|Any CPU.ActiveCfg = Release|Any CPU
		{970F81FA-5411-45C1-A130-A4CBE3A18802}.Release|Any CPU.Build.0 = Release|Any CPU
		{7DEABD97-7FA7-41C0-9E14-23CD17C2FCE6}.Debug|Any CPU.ActiveCfg = Debug|Any CPU
		{7DEABD97-7FA7-41C0-9E14-23CD17C2FCE6}.Debug|Any CPU.Build.0 = Debug|Any CPU
		{7DEABD97-7FA7-41C0-9E14-23CD17C2FCE6}.Release|Any CPU.ActiveCfg = Release|Any CPU
		{7DEABD97-7FA7-41C0-9E14-23CD17C2FCE6}.Release|Any CPU.Build.0 = Release|Any CPU
		{B8929F14-F5E8-48D3-A74C-3CA528F46119}.Debug|Any CPU.ActiveCfg = Debug|Any CPU
		{B8929F14-F5E8-48D3-A74C-3CA528F46119}.Debug|Any CPU.Build.0 = Debug|Any CPU
		{B8929F14-F5E8-48D3-A74C-3CA528F46119}.Release|Any CPU.ActiveCfg = Release|Any CPU
		{B8929F14-F5E8-48D3-A74C-3CA528F46119}.Release|Any CPU.Build.0 = Release|Any CPU
		{B6098312-C065-4399-8933-E67190C9A6A9}.Debug|Any CPU.ActiveCfg = Debug|Any CPU
		{B6098312-C065-4399-8933-E67190C9A6A9}.Debug|Any CPU.Build.0 = Debug|Any CPU
		{B6098312-C065-4399-8933-E67190C9A6A9}.Release|Any CPU.ActiveCfg = Release|Any CPU
		{B6098312-C065-4399-8933-E67190C9A6A9}.Release|Any CPU.Build.0 = Release|Any CPU
		{3AA15A06-E9FC-476F-9177-0952E27EFEF1}.Debug|Any CPU.ActiveCfg = Debug|Any CPU
		{3AA15A06-E9FC-476F-9177-0952E27EFEF1}.Debug|Any CPU.Build.0 = Debug|Any CPU
		{3AA15A06-E9FC-476F-9177-0952E27EFEF1}.Release|Any CPU.ActiveCfg = Release|Any CPU
		{3AA15A06-E9FC-476F-9177-0952E27EFEF1}.Release|Any CPU.Build.0 = Release|Any CPU
		{C1182328-4C0A-4D09-BAD1-E5CBAC31627D}.Debug|Any CPU.ActiveCfg = Debug|Any CPU
		{C1182328-4C0A-4D09-BAD1-E5CBAC31627D}.Debug|Any CPU.Build.0 = Debug|Any CPU
		{C1182328-4C0A-4D09-BAD1-E5CBAC31627D}.Release|Any CPU.ActiveCfg = Release|Any CPU
		{C1182328-4C0A-4D09-BAD1-E5CBAC31627D}.Release|Any CPU.Build.0 = Release|Any CPU
		{127375C7-39DF-4FA8-828D-6E52524C7E63}.Debug|Any CPU.ActiveCfg = Debug|Any CPU
		{127375C7-39DF-4FA8-828D-6E52524C7E63}.Debug|Any CPU.Build.0 = Debug|Any CPU
		{127375C7-39DF-4FA8-828D-6E52524C7E63}.Release|Any CPU.ActiveCfg = Release|Any CPU
		{127375C7-39DF-4FA8-828D-6E52524C7E63}.Release|Any CPU.Build.0 = Release|Any CPU
		{9A317AAF-3156-499C-B63C-11049D3E5864}.Debug|Any CPU.ActiveCfg = Debug|Any CPU
		{9A317AAF-3156-499C-B63C-11049D3E5864}.Debug|Any CPU.Build.0 = Debug|Any CPU
		{9A317AAF-3156-499C-B63C-11049D3E5864}.Release|Any CPU.ActiveCfg = Release|Any CPU
		{9A317AAF-3156-499C-B63C-11049D3E5864}.Release|Any CPU.Build.0 = Release|Any CPU
	EndGlobalSection
	GlobalSection(SolutionProperties) = preSolution
		HideSolutionNode = FALSE
	EndGlobalSection
	GlobalSection(NestedProjects) = preSolution
		{A38701EE-85A2-4EF1-96A8-A3D8C7BFA935} = {5750D40C-DECC-47AA-A9F3-446DCC544D00}
		{23A493F1-6687-4F1B-9399-EE2BC4B14895} = {A38701EE-85A2-4EF1-96A8-A3D8C7BFA935}
		{2F84A18C-92FD-49EE-867A-F07F0242A387} = {A38701EE-85A2-4EF1-96A8-A3D8C7BFA935}
		{5960A9A1-EA15-4ED0-8665-C98065CF3740} = {A38701EE-85A2-4EF1-96A8-A3D8C7BFA935}
		{14FB385F-7781-4863-9991-3FC8B97ED9AB} = {23A493F1-6687-4F1B-9399-EE2BC4B14895}
		{6639A13E-5B31-46F2-AAAC-BAE07F428399} = {2F84A18C-92FD-49EE-867A-F07F0242A387}
		{15F3AC02-71E7-407D-89BF-07B64B851614} = {5960A9A1-EA15-4ED0-8665-C98065CF3740}
		{1585FD15-8E0F-4B4D-839E-E14CDAF5FC44} = {5960A9A1-EA15-4ED0-8665-C98065CF3740}
		{73BF6BC7-C615-48E4-A07E-8D0415025405} = {5750D40C-DECC-47AA-A9F3-446DCC544D00}
		{791C40C7-C33F-4BEE-AF11-3B1930884DDD} = {5960A9A1-EA15-4ED0-8665-C98065CF3740}
		{970F81FA-5411-45C1-A130-A4CBE3A18802} = {5960A9A1-EA15-4ED0-8665-C98065CF3740}
		{194783D5-0104-4EC6-9A1F-8745760B1EB1} = {5750D40C-DECC-47AA-A9F3-446DCC544D00}
		{7DEABD97-7FA7-41C0-9E14-23CD17C2FCE6} = {5960A9A1-EA15-4ED0-8665-C98065CF3740}
		{B8929F14-F5E8-48D3-A74C-3CA528F46119} = {194783D5-0104-4EC6-9A1F-8745760B1EB1}
		{9B145D30-B782-488A-9D8E-2D40B3A9E4C5} = {A38701EE-85A2-4EF1-96A8-A3D8C7BFA935}
		{C1182328-4C0A-4D09-BAD1-E5CBAC31627D} = {9B145D30-B782-488A-9D8E-2D40B3A9E4C5}
	EndGlobalSection
	GlobalSection(ExtensibilityGlobals) = postSolution
		SolutionGuid = {D1985305-46CA-4D9E-B112-8B60040DACC3}
	EndGlobalSection
EndGlobal
